
Microsoft Visual Studio Solution File, Format Version 12.00
# Visual Studio Version 17
VisualStudioVersion = 17.9.34728.123
MinimumVisualStudioVersion = 10.0.40219.1
Project("{FAE04EC0-301F-11D3-BF4B-00C04F79EFBC}") = "Projeto2024", "Projeto2024.csproj", "{2D1AFE1B-9757-4A0E-A0E0-9BC01AA7BB41}"
EndProject
Global
	GlobalSection(SolutionConfigurationPlatforms) = preSolution
		Debug|Any CPU = Debug|Any CPU
		Release|Any CPU = Release|Any CPU
	EndGlobalSection
	GlobalSection(ProjectConfigurationPlatforms) = postSolution
		{2D1AFE1B-9757-4A0E-A0E0-9BC01AA7BB41}.Debug|Any CPU.ActiveCfg = Debug|Any CPU
		{2D1AFE1B-9757-4A0E-A0E0-9BC01AA7BB41}.Debug|Any CPU.Build.0 = Debug|Any CPU
		{2D1AFE1B-9757-4A0E-A0E0-9BC01AA7BB41}.Release|Any CPU.ActiveCfg = Release|Any CPU
		{2D1AFE1B-9757-4A0E-A0E0-9BC01AA7BB41}.Release|Any CPU.Build.0 = Release|Any CPU
	EndGlobalSection
	GlobalSection(SolutionProperties) = preSolution
		HideSolutionNode = FALSE
	EndGlobalSection
	GlobalSection(ExtensibilityGlobals) = postSolution
		SolutionGuid = {3102A6E0-9C17-45E0-A8F8-B4D759AD9F76}
	EndGlobalSection
EndGlobal
